// !$*UTF8*$!
{
	archiveVersion = 1;
	classes = {
	};
	objectVersion = 46;
	objects = {

/* Begin PBXBuildFile section */
		BFA05BE81E569EFA00D2EA34 /* AppDelegate.swift in Sources */ = {isa = PBXBuildFile; fileRef = BFA05BE71E569EF900D2EA34 /* AppDelegate.swift */; };
		BFA05BEA1E569EFA00D2EA34 /* ViewController.swift in Sources */ = {isa = PBXBuildFile; fileRef = BFA05BE91E569EFA00D2EA34 /* ViewController.swift */; };
		BFA05BED1E569EFA00D2EA34 /* Main.storyboard in Resources */ = {isa = PBXBuildFile; fileRef = BFA05BEB1E569EFA00D2EA34 /* Main.storyboard */; };
		BFA05BEF1E569EFA00D2EA34 /* Assets.xcassets in Resources */ = {isa = PBXBuildFile; fileRef = BFA05BEE1E569EFA00D2EA34 /* Assets.xcassets */; };
		BFA05BF21E569EFA00D2EA34 /* LaunchScreen.storyboard in Resources */ = {isa = PBXBuildFile; fileRef = BFA05BF01E569EFA00D2EA34 /* LaunchScreen.storyboard */; };
		BFA05BFD1E569EFA00D2EA34 /* StopwatchTests.swift in Sources */ = {isa = PBXBuildFile; fileRef = BFA05BFC1E569EFA00D2EA34 /* StopwatchTests.swift */; };
		BFA05C081E569EFA00D2EA34 /* StopwatchUITests.swift in Sources */ = {isa = PBXBuildFile; fileRef = BFA05C071E569EFA00D2EA34 /* StopwatchUITests.swift */; };
/* End PBXBuildFile section */

/* Begin PBXContainerItemProxy section */
		BFA05BF91E569EFA00D2EA34 /* PBXContainerItemProxy */ = {
			isa = PBXContainerItemProxy;
			containerPortal = BFA05BDC1E569EF900D2EA34 /* Project object */;
			proxyType = 1;
			remoteGlobalIDString = BFA05BE31E569EF900D2EA34;
			remoteInfo = Stopwatch;
		};
		BFA05C041E569EFA00D2EA34 /* PBXContainerItemProxy */ = {
			isa = PBXContainerItemProxy;
			containerPortal = BFA05BDC1E569EF900D2EA34 /* Project object */;
			proxyType = 1;
			remoteGlobalIDString = BFA05BE31E569EF900D2EA34;
			remoteInfo = Stopwatch;
		};
/* End PBXContainerItemProxy section */

/* Begin PBXFileReference section */
		BFA05BE41E569EF900D2EA34 /* Stopwatch.app */ = {isa = PBXFileReference; explicitFileType = wrapper.application; includeInIndex = 0; path = Stopwatch.app; sourceTree = BUILT_PRODUCTS_DIR; };
		BFA05BE71E569EF900D2EA34 /* AppDelegate.swift */ = {isa = PBXFileReference; lastKnownFileType = sourcecode.swift; path = AppDelegate.swift; sourceTree = "<group>"; };
		BFA05BE91E569EFA00D2EA34 /* ViewController.swift */ = {isa = PBXFileReference; lastKnownFileType = sourcecode.swift; path = ViewController.swift; sourceTree = "<group>"; };
		BFA05BEC1E569EFA00D2EA34 /* Base */ = {isa = PBXFileReference; lastKnownFileType = file.storyboard; name = Base; path = Base.lproj/Main.storyboard; sourceTree = "<group>"; };
		BFA05BEE1E569EFA00D2EA34 /* Assets.xcassets */ = {isa = PBXFileReference; lastKnownFileType = folder.assetcatalog; path = Assets.xcassets; sourceTree = "<group>"; };
		BFA05BF11E569EFA00D2EA34 /* Base */ = {isa = PBXFileReference; lastKnownFileType = file.storyboard; name = Base; path = Base.lproj/LaunchScreen.storyboard; sourceTree = "<group>"; };
		BFA05BF31E569EFA00D2EA34 /* Info.plist */ = {isa = PBXFileReference; lastKnownFileType = text.plist.xml; path = Info.plist; sourceTree = "<group>"; };
		BFA05BF81E569EFA00D2EA34 /* StopwatchTests.xctest */ = {isa = PBXFileReference; explicitFileType = wrapper.cfbundle; includeInIndex = 0; path = StopwatchTests.xctest; sourceTree = BUILT_PRODUCTS_DIR; };
		BFA05BFC1E569EFA00D2EA34 /* StopwatchTests.swift */ = {isa = PBXFileReference; lastKnownFileType = sourcecode.swift; path = StopwatchTests.swift; sourceTree = "<group>"; };
		BFA05BFE1E569EFA00D2EA34 /* Info.plist */ = {isa = PBXFileReference; lastKnownFileType = text.plist.xml; path = Info.plist; sourceTree = "<group>"; };
		BFA05C031E569EFA00D2EA34 /* StopwatchUITests.xctest */ = {isa = PBXFileReference; explicitFileType = wrapper.cfbundle; includeInIndex = 0; path = StopwatchUITests.xctest; sourceTree = BUILT_PRODUCTS_DIR; };
		BFA05C071E569EFA00D2EA34 /* StopwatchUITests.swift */ = {isa = PBXFileReference; lastKnownFileType = sourcecode.swift; path = StopwatchUITests.swift; sourceTree = "<group>"; };
		BFA05C091E569EFA00D2EA34 /* Info.plist */ = {isa = PBXFileReference; lastKnownFileType = text.plist.xml; path = Info.plist; sourceTree = "<group>"; };
/* End PBXFileReference section */

/* Begin PBXFrameworksBuildPhase section */
		BFA05BE11E569EF900D2EA34 /* Frameworks */ = {
			isa = PBXFrameworksBuildPhase;
			buildActionMask = 2147483647;
			files = (
			);
			runOnlyForDeploymentPostprocessing = 0;
		};
		BFA05BF51E569EFA00D2EA34 /* Frameworks */ = {
			isa = PBXFrameworksBuildPhase;
			buildActionMask = 2147483647;
			files = (
			);
			runOnlyForDeploymentPostprocessing = 0;
		};
		BFA05C001E569EFA00D2EA34 /* Frameworks */ = {
			isa = PBXFrameworksBuildPhase;
			buildActionMask = 2147483647;
			files = (
			);
			runOnlyForDeploymentPostprocessing = 0;
		};
/* End PBXFrameworksBuildPhase section */

/* Begin PBXGroup section */
		BFA05BDB1E569EF900D2EA34 = {
			isa = PBXGroup;
			children = (
				BFA05BE61E569EF900D2EA34 /* Stopwatch */,
				BFA05BFB1E569EFA00D2EA34 /* StopwatchTests */,
				BFA05C061E569EFA00D2EA34 /* StopwatchUITests */,
				BFA05BE51E569EF900D2EA34 /* Products */,
			);
			sourceTree = "<group>";
		};
		BFA05BE51E569EF900D2EA34 /* Products */ = {
			isa = PBXGroup;
			children = (
				BFA05BE41E569EF900D2EA34 /* Stopwatch.app */,
				BFA05BF81E569EFA00D2EA34 /* StopwatchTests.xctest */,
				BFA05C031E569EFA00D2EA34 /* StopwatchUITests.xctest */,
			);
			name = Products;
			sourceTree = "<group>";
		};
		BFA05BE61E569EF900D2EA34 /* Stopwatch */ = {
			isa = PBXGroup;
			children = (
				BFA05BE71E569EF900D2EA34 /* AppDelegate.swift */,
				BFA05BE91E569EFA00D2EA34 /* ViewController.swift */,
				BFA05BEB1E569EFA00D2EA34 /* Main.storyboard */,
				BFA05BEE1E569EFA00D2EA34 /* Assets.xcassets */,
				BFA05BF01E569EFA00D2EA34 /* LaunchScreen.storyboard */,
				BFA05BF31E569EFA00D2EA34 /* Info.plist */,
			);
			path = Stopwatch;
			sourceTree = "<group>";
		};
		BFA05BFB1E569EFA00D2EA34 /* StopwatchTests */ = {
			isa = PBXGroup;
			children = (
				BFA05BFC1E569EFA00D2EA34 /* StopwatchTests.swift */,
				BFA05BFE1E569EFA00D2EA34 /* Info.plist */,
			);
			path = StopwatchTests;
			sourceTree = "<group>";
		};
		BFA05C061E569EFA00D2EA34 /* StopwatchUITests */ = {
			isa = PBXGroup;
			children = (
				BFA05C071E569EFA00D2EA34 /* StopwatchUITests.swift */,
				BFA05C091E569EFA00D2EA34 /* Info.plist */,
			);
			path = StopwatchUITests;
			sourceTree = "<group>";
		};
/* End PBXGroup section */

/* Begin PBXNativeTarget section */
		BFA05BE31E569EF900D2EA34 /* Stopwatch */ = {
			isa = PBXNativeTarget;
			buildConfigurationList = BFA05C0C1E569EFA00D2EA34 /* Build configuration list for PBXNativeTarget "Stopwatch" */;
			buildPhases = (
				BFA05BE01E569EF900D2EA34 /* Sources */,
				BFA05BE11E569EF900D2EA34 /* Frameworks */,
				BFA05BE21E569EF900D2EA34 /* Resources */,
			);
			buildRules = (
			);
			dependencies = (
			);
			name = Stopwatch;
			productName = Stopwatch;
			productReference = BFA05BE41E569EF900D2EA34 /* Stopwatch.app */;
			productType = "com.apple.product-type.application";
		};
		BFA05BF71E569EFA00D2EA34 /* StopwatchTests */ = {
			isa = PBXNativeTarget;
			buildConfigurationList = BFA05C0F1E569EFA00D2EA34 /* Build configuration list for PBXNativeTarget "StopwatchTests" */;
			buildPhases = (
				BFA05BF41E569EFA00D2EA34 /* Sources */,
				BFA05BF51E569EFA00D2EA34 /* Frameworks */,
				BFA05BF61E569EFA00D2EA34 /* Resources */,
			);
			buildRules = (
			);
			dependencies = (
				BFA05BFA1E569EFA00D2EA34 /* PBXTargetDependency */,
			);
			name = StopwatchTests;
			productName = StopwatchTests;
			productReference = BFA05BF81E569EFA00D2EA34 /* StopwatchTests.xctest */;
			productType = "com.apple.product-type.bundle.unit-test";
		};
		BFA05C021E569EFA00D2EA34 /* StopwatchUITests */ = {
			isa = PBXNativeTarget;
			buildConfigurationList = BFA05C121E569EFA00D2EA34 /* Build configuration list for PBXNativeTarget "StopwatchUITests" */;
			buildPhases = (
				BFA05BFF1E569EFA00D2EA34 /* Sources */,
				BFA05C001E569EFA00D2EA34 /* Frameworks */,
				BFA05C011E569EFA00D2EA34 /* Resources */,
			);
			buildRules = (
			);
			dependencies = (
				BFA05C051E569EFA00D2EA34 /* PBXTargetDependency */,
			);
			name = StopwatchUITests;
			productName = StopwatchUITests;
			productReference = BFA05C031E569EFA00D2EA34 /* StopwatchUITests.xctest */;
			productType = "com.apple.product-type.bundle.ui-testing";
		};
/* End PBXNativeTarget section */

/* Begin PBXProject section */
		BFA05BDC1E569EF900D2EA34 /* Project object */ = {
			isa = PBXProject;
			attributes = {
				LastSwiftUpdateCheck = 0820;
				LastUpgradeCheck = 0820;
				ORGANIZATIONNAME = Jimmy;
				TargetAttributes = {
					BFA05BE31E569EF900D2EA34 = {
						CreatedOnToolsVersion = 8.2.1;
						ProvisioningStyle = Automatic;
					};
					BFA05BF71E569EFA00D2EA34 = {
						CreatedOnToolsVersion = 8.2.1;
						ProvisioningStyle = Automatic;
						TestTargetID = BFA05BE31E569EF900D2EA34;
					};
					BFA05C021E569EFA00D2EA34 = {
						CreatedOnToolsVersion = 8.2.1;
						ProvisioningStyle = Automatic;
						TestTargetID = BFA05BE31E569EF900D2EA34;
					};
				};
			};
			buildConfigurationList = BFA05BDF1E569EF900D2EA34 /* Build configuration list for PBXProject "Stopwatch" */;
			compatibilityVersion = "Xcode 3.2";
			developmentRegion = English;
			hasScannedForEncodings = 0;
			knownRegions = (
				en,
				Base,
			);
			mainGroup = BFA05BDB1E569EF900D2EA34;
			productRefGroup = BFA05BE51E569EF900D2EA34 /* Products */;
			projectDirPath = "";
			projectRoot = "";
			targets = (
				BFA05BE31E569EF900D2EA34 /* Stopwatch */,
				BFA05BF71E569EFA00D2EA34 /* StopwatchTests */,
				BFA05C021E569EFA00D2EA34 /* StopwatchUITests */,
			);
		};
/* End PBXProject section */

/* Begin PBXResourcesBuildPhase section */
		BFA05BE21E569EF900D2EA34 /* Resources */ = {
			isa = PBXResourcesBuildPhase;
			buildActionMask = 2147483647;
			files = (
				BFA05BF21E569EFA00D2EA34 /* LaunchScreen.storyboard in Resources */,
				BFA05BEF1E569EFA00D2EA34 /* Assets.xcassets in Resources */,
				BFA05BED1E569EFA00D2EA34 /* Main.storyboard in Resources */,
			);
			runOnlyForDeploymentPostprocessing = 0;
		};
		BFA05BF61E569EFA00D2EA34 /* Resources */ = {
			isa = PBXResourcesBuildPhase;
			buildActionMask = 2147483647;
			files = (
			);
			runOnlyForDeploymentPostprocessing = 0;
		};
		BFA05C011E569EFA00D2EA34 /* Resources */ = {
			isa = PBXResourcesBuildPhase;
			buildActionMask = 2147483647;
			files = (
			);
			runOnlyForDeploymentPostprocessing = 0;
		};
/* End PBXResourcesBuildPhase section */

/* Begin PBXSourcesBuildPhase section */
		BFA05BE01E569EF900D2EA34 /* Sources */ = {
			isa = PBXSourcesBuildPhase;
			buildActionMask = 2147483647;
			files = (
				BFA05BEA1E569EFA00D2EA34 /* ViewController.swift in Sources */,
				BFA05BE81E569EFA00D2EA34 /* AppDelegate.swift in Sources */,
			);
			runOnlyForDeploymentPostprocessing = 0;
		};
		BFA05BF41E569EFA00D2EA34 /* Sources */ = {
			isa = PBXSourcesBuildPhase;
			buildActionMask = 2147483647;
			files = (
				BFA05BFD1E569EFA00D2EA34 /* StopwatchTests.swift in Sources */,
			);
			runOnlyForDeploymentPostprocessing = 0;
		};
		BFA05BFF1E569EFA00D2EA34 /* Sources */ = {
			isa = PBXSourcesBuildPhase;
			buildActionMask = 2147483647;
			files = (
				BFA05C081E569EFA00D2EA34 /* StopwatchUITests.swift in Sources */,
			);
			runOnlyForDeploymentPostprocessing = 0;
		};
/* End PBXSourcesBuildPhase section */

/* Begin PBXTargetDependency section */
		BFA05BFA1E569EFA00D2EA34 /* PBXTargetDependency */ = {
			isa = PBXTargetDependency;
			target = BFA05BE31E569EF900D2EA34 /* Stopwatch */;
			targetProxy = BFA05BF91E569EFA00D2EA34 /* PBXContainerItemProxy */;
		};
		BFA05C051E569EFA00D2EA34 /* PBXTargetDependency */ = {
			isa = PBXTargetDependency;
			target = BFA05BE31E569EF900D2EA34 /* Stopwatch */;
			targetProxy = BFA05C041E569EFA00D2EA34 /* PBXContainerItemProxy */;
		};
/* End PBXTargetDependency section */

/* Begin PBXVariantGroup section */
		BFA05BEB1E569EFA00D2EA34 /* Main.storyboard */ = {
			isa = PBXVariantGroup;
			children = (
				BFA05BEC1E569EFA00D2EA34 /* Base */,
			);
			name = Main.storyboard;
			sourceTree = "<group>";
		};
		BFA05BF01E569EFA00D2EA34 /* LaunchScreen.storyboard */ = {
			isa = PBXVariantGroup;
			children = (
				BFA05BF11E569EFA00D2EA34 /* Base */,
			);
			name = LaunchScreen.storyboard;
			sourceTree = "<group>";
		};
/* End PBXVariantGroup section */

/* Begin XCBuildConfiguration section */
		BFA05C0A1E569EFA00D2EA34 /* Debug */ = {
			isa = XCBuildConfiguration;
			buildSettings = {
				ALWAYS_SEARCH_USER_PATHS = NO;
				CLANG_ANALYZER_NONNULL = YES;
				CLANG_CXX_LANGUAGE_STANDARD = "gnu++0x";
				CLANG_CXX_LIBRARY = "libc++";
				CLANG_ENABLE_MODULES = YES;
				CLANG_ENABLE_OBJC_ARC = YES;
				CLANG_WARN_BOOL_CONVERSION = YES;
				CLANG_WARN_CONSTANT_CONVERSION = YES;
				CLANG_WARN_DIRECT_OBJC_ISA_USAGE = YES_ERROR;
				CLANG_WARN_DOCUMENTATION_COMMENTS = YES;
				CLANG_WARN_EMPTY_BODY = YES;
				CLANG_WARN_ENUM_CONVERSION = YES;
				CLANG_WARN_INFINITE_RECURSION = YES;
				CLANG_WARN_INT_CONVERSION = YES;
				CLANG_WARN_OBJC_ROOT_CLASS = YES_ERROR;
				CLANG_WARN_SUSPICIOUS_MOVE = YES;
				CLANG_WARN_UNREACHABLE_CODE = YES;
				CLANG_WARN__DUPLICATE_METHOD_MATCH = YES;
				"CODE_SIGN_IDENTITY[sdk=iphoneos*]" = "iPhone Developer";
				COPY_PHASE_STRIP = NO;
				DEBUG_INFORMATION_FORMAT = dwarf;
				ENABLE_STRICT_OBJC_MSGSEND = YES;
				ENABLE_TESTABILITY = YES;
				GCC_C_LANGUAGE_STANDARD = gnu99;
				GCC_DYNAMIC_NO_PIC = NO;
				GCC_NO_COMMON_BLOCKS = YES;
				GCC_OPTIMIZATION_LEVEL = 0;
				GCC_PREPROCESSOR_DEFINITIONS = (
					"DEBUG=1",
					"$(inherited)",
				);
				GCC_WARN_64_TO_32_BIT_CONVERSION = YES;
				GCC_WARN_ABOUT_RETURN_TYPE = YES_ERROR;
				GCC_WARN_UNDECLARED_SELECTOR = YES;
				GCC_WARN_UNINITIALIZED_AUTOS = YES_AGGRESSIVE;
				GCC_WARN_UNUSED_FUNCTION = YES;
				GCC_WARN_UNUSED_VARIABLE = YES;
				IPHONEOS_DEPLOYMENT_TARGET = 10.2;
				MTL_ENABLE_DEBUG_INFO = YES;
				ONLY_ACTIVE_ARCH = YES;
				SDKROOT = iphoneos;
				SWIFT_ACTIVE_COMPILATION_CONDITIONS = DEBUG;
				SWIFT_OPTIMIZATION_LEVEL = "-Onone";
				TARGETED_DEVICE_FAMILY = "1,2";
			};
			name = Debug;
		};
		BFA05C0B1E569EFA00D2EA34 /* Release */ = {
			isa = XCBuildConfiguration;
			buildSettings = {
				ALWAYS_SEARCH_USER_PATHS = NO;
				CLANG_ANALYZER_NONNULL = YES;
				CLANG_CXX_LANGUAGE_STANDARD = "gnu++0x";
				CLANG_CXX_LIBRARY = "libc++";
				CLANG_ENABLE_MODULES = YES;
				CLANG_ENABLE_OBJC_ARC = YES;
				CLANG_WARN_BOOL_CONVERSION = YES;
				CLANG_WARN_CONSTANT_CONVERSION = YES;
				CLANG_WARN_DIRECT_OBJC_ISA_USAGE = YES_ERROR;
				CLANG_WARN_DOCUMENTATION_COMMENTS = YES;
				CLANG_WARN_EMPTY_BODY = YES;
				CLANG_WARN_ENUM_CONVERSION = YES;
				CLANG_WARN_INFINITE_RECURSION = YES;
				CLANG_WARN_INT_CONVERSION = YES;
				CLANG_WARN_OBJC_ROOT_CLASS = YES_ERROR;
				CLANG_WARN_SUSPICIOUS_MOVE = YES;
				CLANG_WARN_UNREACHABLE_CODE = YES;
				CLANG_WARN__DUPLICATE_METHOD_MATCH = YES;
				"CODE_SIGN_IDENTITY[sdk=iphoneos*]" = "iPhone Developer";
				COPY_PHASE_STRIP = NO;
				DEBUG_INFORMATION_FORMAT = "dwarf-with-dsym";
				ENABLE_NS_ASSERTIONS = NO;
				ENABLE_STRICT_OBJC_MSGSEND = YES;
				GCC_C_LANGUAGE_STANDARD = gnu99;
				GCC_NO_COMMON_BLOCKS = YES;
				GCC_WARN_64_TO_32_BIT_CONVERSION = YES;
				GCC_WARN_ABOUT_RETURN_TYPE = YES_ERROR;
				GCC_WARN_UNDECLARED_SELECTOR = YES;
				GCC_WARN_UNINITIALIZED_AUTOS = YES_AGGRESSIVE;
				GCC_WARN_UNUSED_FUNCTION = YES;
				GCC_WARN_UNUSED_VARIABLE = YES;
				IPHONEOS_DEPLOYMENT_TARGET = 10.2;
				MTL_ENABLE_DEBUG_INFO = NO;
				SDKROOT = iphoneos;
				SWIFT_OPTIMIZATION_LEVEL = "-Owholemodule";
				TARGETED_DEVICE_FAMILY = "1,2";
				VALIDATE_PRODUCT = YES;
			};
			name = Release;
		};
		BFA05C0D1E569EFA00D2EA34 /* Debug */ = {
			isa = XCBuildConfiguration;
			buildSettings = {
				ASSETCATALOG_COMPILER_APPICON_NAME = AppIcon;
				INFOPLIST_FILE = Stopwatch/Info.plist;
				LD_RUNPATH_SEARCH_PATHS = "$(inherited) @executable_path/Frameworks";
				PRODUCT_BUNDLE_IDENTIFIER = Jimmy.Stopwatch;
				PRODUCT_NAME = "$(TARGET_NAME)";
				SWIFT_VERSION = 3.0;
			};
			name = Debug;
		};
		BFA05C0E1E569EFA00D2EA34 /* Release */ = {
			isa = XCBuildConfiguration;
			buildSettings = {
				ASSETCATALOG_COMPILER_APPICON_NAME = AppIcon;
				INFOPLIST_FILE = Stopwatch/Info.plist;
				LD_RUNPATH_SEARCH_PATHS = "$(inherited) @executable_path/Frameworks";
				PRODUCT_BUNDLE_IDENTIFIER = Jimmy.Stopwatch;
				PRODUCT_NAME = "$(TARGET_NAME)";
				SWIFT_VERSION = 3.0;
			};
			name = Release;
		};
		BFA05C101E569EFA00D2EA34 /* Debug */ = {
			isa = XCBuildConfiguration;
			buildSettings = {
				ALWAYS_EMBED_SWIFT_STANDARD_LIBRARIES = YES;
				BUNDLE_LOADER = "$(TEST_HOST)";
				INFOPLIST_FILE = StopwatchTests/Info.plist;
				LD_RUNPATH_SEARCH_PATHS = "$(inherited) @executable_path/Frameworks @loader_path/Frameworks";
				PRODUCT_BUNDLE_IDENTIFIER = Jimmy.StopwatchTests;
				PRODUCT_NAME = "$(TARGET_NAME)";
				SWIFT_VERSION = 3.0;
				TEST_HOST = "$(BUILT_PRODUCTS_DIR)/Stopwatch.app/Stopwatch";
			};
			name = Debug;
		};
		BFA05C111E569EFA00D2EA34 /* Release */ = {
			isa = XCBuildConfiguration;
			buildSettings = {
				ALWAYS_EMBED_SWIFT_STANDARD_LIBRARIES = YES;
				BUNDLE_LOADER = "$(TEST_HOST)";
				INFOPLIST_FILE = StopwatchTests/Info.plist;
				LD_RUNPATH_SEARCH_PATHS = "$(inherited) @executable_path/Frameworks @loader_path/Frameworks";
				PRODUCT_BUNDLE_IDENTIFIER = Jimmy.StopwatchTests;
				PRODUCT_NAME = "$(TARGET_NAME)";
				SWIFT_VERSION = 3.0;
				TEST_HOST = "$(BUILT_PRODUCTS_DIR)/Stopwatch.app/Stopwatch";
			};
			name = Release;
		};
		BFA05C131E569EFA00D2EA34 /* Debug */ = {
			isa = XCBuildConfiguration;
			buildSettings = {
				ALWAYS_EMBED_SWIFT_STANDARD_LIBRARIES = YES;
				INFOPLIST_FILE = StopwatchUITests/Info.plist;
				LD_RUNPATH_SEARCH_PATHS = "$(inherited) @executable_path/Frameworks @loader_path/Frameworks";
				PRODUCT_BUNDLE_IDENTIFIER = Jimmy.StopwatchUITests;
				PRODUCT_NAME = "$(TARGET_NAME)";
				SWIFT_VERSION = 3.0;
				TEST_TARGET_NAME = Stopwatch;
			};
			name = Debug;
		};
		BFA05C141E569EFA00D2EA34 /* Release */ = {
			isa = XCBuildConfiguration;
			buildSettings = {
				ALWAYS_EMBED_SWIFT_STANDARD_LIBRARIES = YES;
				INFOPLIST_FILE = StopwatchUITests/Info.plist;
				LD_RUNPATH_SEARCH_PATHS = "$(inherited) @executable_path/Frameworks @loader_path/Frameworks";
				PRODUCT_BUNDLE_IDENTIFIER = Jimmy.StopwatchUITests;
				PRODUCT_NAME = "$(TARGET_NAME)";
				SWIFT_VERSION = 3.0;
				TEST_TARGET_NAME = Stopwatch;
			};
			name = Release;
		};
/* End XCBuildConfiguration section */

/* Begin XCConfigurationList section */
		BFA05BDF1E569EF900D2EA34 /* Build configuration list for PBXProject "Stopwatch" */ = {
			isa = XCConfigurationList;
			buildConfigurations = (
				BFA05C0A1E569EFA00D2EA34 /* Debug */,
				BFA05C0B1E569EFA00D2EA34 /* Release */,
			);
			defaultConfigurationIsVisible = 0;
			defaultConfigurationName = Release;
		};
		BFA05C0C1E569EFA00D2EA34 /* Build configuration list for PBXNativeTarget "Stopwatch" */ = {
			isa = XCConfigurationList;
			buildConfigurations = (
				BFA05C0D1E569EFA00D2EA34 /* Debug */,
				BFA05C0E1E569EFA00D2EA34 /* Release */,
			);
			defaultConfigurationIsVisible = 0;
		};
		BFA05C0F1E569EFA00D2EA34 /* Build configuration list for PBXNativeTarget "StopwatchTests" */ = {
			isa = XCConfigurationList;
			buildConfigurations = (
				BFA05C101E569EFA00D2EA34 /* Debug */,
				BFA05C111E569EFA00D2EA34 /* Release */,
			);
			defaultConfigurationIsVisible = 0;
		};
		BFA05C121E569EFA00D2EA34 /* Build configuration list for PBXNativeTarget "StopwatchUITests" */ = {
			isa = XCConfigurationList;
			buildConfigurations = (
				BFA05C131E569EFA00D2EA34 /* Debug */,
				BFA05C141E569EFA00D2EA34 /* Release */,
			);
			defaultConfigurationIsVisible = 0;
		};
/* End XCConfigurationList section */
	};
	rootObject = BFA05BDC1E569EF900D2EA34 /* Project object */;
}
